
Microsoft Visual Studio Solution File, Format Version 12.00
# Visual Studio 15
VisualStudioVersion = 15.0.28010.0
MinimumVisualStudioVersion = 10.0.40219.1
Project("{888888A0-9F3D-457C-B088-3A5042F75D52}") = "speaker_counting", "speaker_counting.pyproj", "{DDAB86EF-CAB3-4C3C-A748-990A2CEC65D5}"
EndProject
Global
	GlobalSection(SolutionConfigurationPlatforms) = preSolution
		Debug|Any CPU = Debug|Any CPU
		Release|Any CPU = Release|Any CPU
	EndGlobalSection
	GlobalSection(ProjectConfigurationPlatforms) = postSolution
		{DDAB86EF-CAB3-4C3C-A748-990A2CEC65D5}.Debug|Any CPU.ActiveCfg = Debug|Any CPU
		{DDAB86EF-CAB3-4C3C-A748-990A2CEC65D5}.Release|Any CPU.ActiveCfg = Release|Any CPU
	EndGlobalSection
	GlobalSection(SolutionProperties) = preSolution
		HideSolutionNode = FALSE
	EndGlobalSection
	GlobalSection(ExtensibilityGlobals) = postSolution
		SolutionGuid = {634A7335-B77A-4F34-891E-00B38CD0A226}
	EndGlobalSection
EndGlobal
